// !$*UTF8*$!
{
	archiveVersion = 1;
	classes = {
	};
	objectVersion = 56;
	objects = {

/* Begin PBXBuildFile section */
		300648F12C59C7FB00C4AABA /* FirebaseMessaging in Frameworks */ = {isa = PBXBuildFile; productRef = 300648F02C59C7FB00C4AABA /* FirebaseMessaging */; };
		300648F32C59D81C00C4AABA /* FirebaseFirestoreSwift in Frameworks */ = {isa = PBXBuildFile; productRef = 300648F22C59D81C00C4AABA /* FirebaseFirestoreSwift */; };
		300648F52C59DA2A00C4AABA /* UserAuth.swift in Sources */ = {isa = PBXBuildFile; fileRef = 300648F42C59DA2A00C4AABA /* UserAuth.swift */; };
		300648F72C5B0EE600C4AABA /* ImportTripView.swift in Sources */ = {isa = PBXBuildFile; fileRef = 300648F62C5B0EE600C4AABA /* ImportTripView.swift */; };
		3031E6E52C546B3D0029BB16 /* USAApp.swift in Sources */ = {isa = PBXBuildFile; fileRef = 3031E6E42C546B3D0029BB16 /* USAApp.swift */; };
		3031E6E72C546B3D0029BB16 /* HomeView.swift in Sources */ = {isa = PBXBuildFile; fileRef = 3031E6E62C546B3D0029BB16 /* HomeView.swift */; };
		3031E6E92C546B3E0029BB16 /* Assets.xcassets in Resources */ = {isa = PBXBuildFile; fileRef = 3031E6E82C546B3E0029BB16 /* Assets.xcassets */; };
		3031E6EC2C546B3E0029BB16 /* Preview Assets.xcassets in Resources */ = {isa = PBXBuildFile; fileRef = 3031E6EB2C546B3E0029BB16 /* Preview Assets.xcassets */; };
		3031E6F32C547E720029BB16 /* Model.swift in Sources */ = {isa = PBXBuildFile; fileRef = 3031E6F22C547E720029BB16 /* Model.swift */; };
		3031E6F72C547FCA0029BB16 /* TripsView.swift in Sources */ = {isa = PBXBuildFile; fileRef = 3031E6F62C547FCA0029BB16 /* TripsView.swift */; };
		3031E6FB2C5480CC0029BB16 /* TripEntryModalView.swift in Sources */ = {isa = PBXBuildFile; fileRef = 3031E6FA2C5480CC0029BB16 /* TripEntryModalView.swift */; };
		3031E6FD2C5486680029BB16 /* TripsCardView.swift in Sources */ = {isa = PBXBuildFile; fileRef = 3031E6FC2C5486680029BB16 /* TripsCardView.swift */; };
		3031E7022C54A10C0029BB16 /* TripPersistenceHelper.swift in Sources */ = {isa = PBXBuildFile; fileRef = 3031E7012C54A10C0029BB16 /* TripPersistenceHelper.swift */; };
		3031E7092C555E0C0029BB16 /* TripsViewModel.swift in Sources */ = {isa = PBXBuildFile; fileRef = 3031E7082C555E0C0029BB16 /* TripsViewModel.swift */; };
		3031E70B2C558E3D0029BB16 /* SettingsView.swift in Sources */ = {isa = PBXBuildFile; fileRef = 3031E70A2C558E3C0029BB16 /* SettingsView.swift */; };
		3031E71C2C57382B0029BB16 /* FirebaseAnalytics in Frameworks */ = {isa = PBXBuildFile; productRef = 3031E71B2C57382B0029BB16 /* FirebaseAnalytics */; };
		3031E71E2C57382B0029BB16 /* FirebaseAuth in Frameworks */ = {isa = PBXBuildFile; productRef = 3031E71D2C57382B0029BB16 /* FirebaseAuth */; };
		3031E7202C5738B30029BB16 /* GoogleService-Info.plist in Resources */ = {isa = PBXBuildFile; fileRef = 3031E71F2C5738B30029BB16 /* GoogleService-Info.plist */; };
		3031E7232C5739A80029BB16 /* GoogleSignIn in Frameworks */ = {isa = PBXBuildFile; productRef = 3031E7222C5739A80029BB16 /* GoogleSignIn */; };
		3031E7252C5739A80029BB16 /* GoogleSignInSwift in Frameworks */ = {isa = PBXBuildFile; productRef = 3031E7242C5739A80029BB16 /* GoogleSignInSwift */; };
		3031E7272C573B610029BB16 /* Authentication.swift in Sources */ = {isa = PBXBuildFile; fileRef = 3031E7262C573B600029BB16 /* Authentication.swift */; };
		3031E7292C573B720029BB16 /* Login.swift in Sources */ = {isa = PBXBuildFile; fileRef = 3031E7282C573B720029BB16 /* Login.swift */; };
		3031E72B2C573B970029BB16 /* Home.swift in Sources */ = {isa = PBXBuildFile; fileRef = 3031E72A2C573B970029BB16 /* Home.swift */; };
		3031E72D2C573CB70029BB16 /* ContentView.swift in Sources */ = {isa = PBXBuildFile; fileRef = 3031E72C2C573CB70029BB16 /* ContentView.swift */; };
/* End PBXBuildFile section */

/* Begin PBXFileReference section */
		300648F42C59DA2A00C4AABA /* UserAuth.swift */ = {isa = PBXFileReference; lastKnownFileType = sourcecode.swift; path = UserAuth.swift; sourceTree = "<group>"; };
		300648F62C5B0EE600C4AABA /* ImportTripView.swift */ = {isa = PBXFileReference; lastKnownFileType = sourcecode.swift; path = ImportTripView.swift; sourceTree = "<group>"; };
		3031E6E12C546B3D0029BB16 /* USA.app */ = {isa = PBXFileReference; explicitFileType = wrapper.application; includeInIndex = 0; path = USA.app; sourceTree = BUILT_PRODUCTS_DIR; };
		3031E6E42C546B3D0029BB16 /* USAApp.swift */ = {isa = PBXFileReference; lastKnownFileType = sourcecode.swift; path = USAApp.swift; sourceTree = "<group>"; };
		3031E6E62C546B3D0029BB16 /* HomeView.swift */ = {isa = PBXFileReference; lastKnownFileType = sourcecode.swift; path = HomeView.swift; sourceTree = "<group>"; };
		3031E6E82C546B3E0029BB16 /* Assets.xcassets */ = {isa = PBXFileReference; lastKnownFileType = folder.assetcatalog; path = Assets.xcassets; sourceTree = "<group>"; };
		3031E6EB2C546B3E0029BB16 /* Preview Assets.xcassets */ = {isa = PBXFileReference; lastKnownFileType = folder.assetcatalog; path = "Preview Assets.xcassets"; sourceTree = "<group>"; };
		3031E6F22C547E720029BB16 /* Model.swift */ = {isa = PBXFileReference; lastKnownFileType = sourcecode.swift; path = Model.swift; sourceTree = "<group>"; };
		3031E6F62C547FCA0029BB16 /* TripsView.swift */ = {isa = PBXFileReference; lastKnownFileType = sourcecode.swift; path = TripsView.swift; sourceTree = "<group>"; };
		3031E6FA2C5480CC0029BB16 /* TripEntryModalView.swift */ = {isa = PBXFileReference; lastKnownFileType = sourcecode.swift; path = TripEntryModalView.swift; sourceTree = "<group>"; };
		3031E6FC2C5486680029BB16 /* TripsCardView.swift */ = {isa = PBXFileReference; lastKnownFileType = sourcecode.swift; path = TripsCardView.swift; sourceTree = "<group>"; };
		3031E7012C54A10C0029BB16 /* TripPersistenceHelper.swift */ = {isa = PBXFileReference; lastKnownFileType = sourcecode.swift; path = TripPersistenceHelper.swift; sourceTree = "<group>"; };
		3031E7032C54A25F0029BB16 /* USA.entitlements */ = {isa = PBXFileReference; lastKnownFileType = text.plist.entitlements; path = USA.entitlements; sourceTree = "<group>"; };
		3031E7082C555E0C0029BB16 /* TripsViewModel.swift */ = {isa = PBXFileReference; lastKnownFileType = sourcecode.swift; path = TripsViewModel.swift; sourceTree = "<group>"; };
		3031E70A2C558E3C0029BB16 /* SettingsView.swift */ = {isa = PBXFileReference; lastKnownFileType = sourcecode.swift; path = SettingsView.swift; sourceTree = "<group>"; };
		3031E7192C5684540029BB16 /* Info.plist */ = {isa = PBXFileReference; lastKnownFileType = text.plist; path = Info.plist; sourceTree = "<group>"; };
		3031E71F2C5738B30029BB16 /* GoogleService-Info.plist */ = {isa = PBXFileReference; fileEncoding = 4; lastKnownFileType = text.plist.xml; path = "GoogleService-Info.plist"; sourceTree = "<group>"; };
		3031E7262C573B600029BB16 /* Authentication.swift */ = {isa = PBXFileReference; lastKnownFileType = sourcecode.swift; path = Authentication.swift; sourceTree = "<group>"; };
		3031E7282C573B720029BB16 /* Login.swift */ = {isa = PBXFileReference; lastKnownFileType = sourcecode.swift; path = Login.swift; sourceTree = "<group>"; };
		3031E72A2C573B970029BB16 /* Home.swift */ = {isa = PBXFileReference; lastKnownFileType = sourcecode.swift; path = Home.swift; sourceTree = "<group>"; };
		3031E72C2C573CB70029BB16 /* ContentView.swift */ = {isa = PBXFileReference; lastKnownFileType = sourcecode.swift; path = ContentView.swift; sourceTree = "<group>"; };
/* End PBXFileReference section */

/* Begin PBXFrameworksBuildPhase section */
		3031E6DE2C546B3D0029BB16 /* Frameworks */ = {
			isa = PBXFrameworksBuildPhase;
			buildActionMask = 2147483647;
			files = (
				3031E71C2C57382B0029BB16 /* FirebaseAnalytics in Frameworks */,
				3031E71E2C57382B0029BB16 /* FirebaseAuth in Frameworks */,
				300648F12C59C7FB00C4AABA /* FirebaseMessaging in Frameworks */,
				3031E7232C5739A80029BB16 /* GoogleSignIn in Frameworks */,
				3031E7252C5739A80029BB16 /* GoogleSignInSwift in Frameworks */,
				300648F32C59D81C00C4AABA /* FirebaseFirestoreSwift in Frameworks */,
			);
			runOnlyForDeploymentPostprocessing = 0;
		};
/* End PBXFrameworksBuildPhase section */

/* Begin PBXGroup section */
		3031E6D82C546B3D0029BB16 = {
			isa = PBXGroup;
			children = (
				3031E71F2C5738B30029BB16 /* GoogleService-Info.plist */,
				3031E6E32C546B3D0029BB16 /* USA */,
				3031E6E22C546B3D0029BB16 /* Products */,
			);
			sourceTree = "<group>";
		};
		3031E6E22C546B3D0029BB16 /* Products */ = {
			isa = PBXGroup;
			children = (
				3031E6E12C546B3D0029BB16 /* USA.app */,
			);
			name = Products;
			sourceTree = "<group>";
		};
		3031E6E32C546B3D0029BB16 /* USA */ = {
			isa = PBXGroup;
			children = (
				3031E7282C573B720029BB16 /* Login.swift */,
				3031E7262C573B600029BB16 /* Authentication.swift */,
				3031E7192C5684540029BB16 /* Info.plist */,
				3031E7032C54A25F0029BB16 /* USA.entitlements */,
				3031E6F22C547E720029BB16 /* Model.swift */,
				3031E6E42C546B3D0029BB16 /* USAApp.swift */,
				300648F42C59DA2A00C4AABA /* UserAuth.swift */,
				3031E6E62C546B3D0029BB16 /* HomeView.swift */,
				3031E6E82C546B3E0029BB16 /* Assets.xcassets */,
				3031E6EA2C546B3E0029BB16 /* Preview Content */,
				3031E6F62C547FCA0029BB16 /* TripsView.swift */,
				300648F62C5B0EE600C4AABA /* ImportTripView.swift */,
				3031E70A2C558E3C0029BB16 /* SettingsView.swift */,
				3031E7082C555E0C0029BB16 /* TripsViewModel.swift */,
				3031E7012C54A10C0029BB16 /* TripPersistenceHelper.swift */,
				3031E6FA2C5480CC0029BB16 /* TripEntryModalView.swift */,
				3031E6FC2C5486680029BB16 /* TripsCardView.swift */,
				3031E72A2C573B970029BB16 /* Home.swift */,
				3031E72C2C573CB70029BB16 /* ContentView.swift */,
			);
			path = USA;
			sourceTree = "<group>";
		};
		3031E6EA2C546B3E0029BB16 /* Preview Content */ = {
			isa = PBXGroup;
			children = (
				3031E6EB2C546B3E0029BB16 /* Preview Assets.xcassets */,
			);
			path = "Preview Content";
			sourceTree = "<group>";
		};
/* End PBXGroup section */

/* Begin PBXNativeTarget section */
		3031E6E02C546B3D0029BB16 /* USA */ = {
			isa = PBXNativeTarget;
			buildConfigurationList = 3031E6EF2C546B3E0029BB16 /* Build configuration list for PBXNativeTarget "USA" */;
			buildPhases = (
				3031E6DD2C546B3D0029BB16 /* Sources */,
				3031E6DE2C546B3D0029BB16 /* Frameworks */,
				3031E6DF2C546B3D0029BB16 /* Resources */,
			);
			buildRules = (
			);
			dependencies = (
			);
			name = USA;
			packageProductDependencies = (
				3031E71B2C57382B0029BB16 /* FirebaseAnalytics */,
				3031E71D2C57382B0029BB16 /* FirebaseAuth */,
				3031E7222C5739A80029BB16 /* GoogleSignIn */,
				3031E7242C5739A80029BB16 /* GoogleSignInSwift */,
				300648F02C59C7FB00C4AABA /* FirebaseMessaging */,
				300648F22C59D81C00C4AABA /* FirebaseFirestoreSwift */,
			);
			productName = USA;
			productReference = 3031E6E12C546B3D0029BB16 /* USA.app */;
			productType = "com.apple.product-type.application";
		};
/* End PBXNativeTarget section */

/* Begin PBXProject section */
		3031E6D92C546B3D0029BB16 /* Project object */ = {
			isa = PBXProject;
			attributes = {
				BuildIndependentTargetsInParallel = 1;
				LastSwiftUpdateCheck = 1540;
				LastUpgradeCheck = 1540;
				TargetAttributes = {
					3031E6E02C546B3D0029BB16 = {
						CreatedOnToolsVersion = 15.4;
					};
				};
			};
			buildConfigurationList = 3031E6DC2C546B3D0029BB16 /* Build configuration list for PBXProject "USA" */;
			compatibilityVersion = "Xcode 14.0";
			developmentRegion = en;
			hasScannedForEncodings = 0;
			knownRegions = (
				en,
				Base,
			);
			mainGroup = 3031E6D82C546B3D0029BB16;
			packageReferences = (
				3031E71A2C57382B0029BB16 /* XCRemoteSwiftPackageReference "firebase-ios-sdk" */,
				3031E7212C5739A80029BB16 /* XCRemoteSwiftPackageReference "GoogleSignIn-iOS" */,
			);
			productRefGroup = 3031E6E22C546B3D0029BB16 /* Products */;
			projectDirPath = "";
			projectRoot = "";
			targets = (
				3031E6E02C546B3D0029BB16 /* USA */,
			);
		};
/* End PBXProject section */

/* Begin PBXResourcesBuildPhase section */
		3031E6DF2C546B3D0029BB16 /* Resources */ = {
			isa = PBXResourcesBuildPhase;
			buildActionMask = 2147483647;
			files = (
				3031E6EC2C546B3E0029BB16 /* Preview Assets.xcassets in Resources */,
				3031E6E92C546B3E0029BB16 /* Assets.xcassets in Resources */,
				3031E7202C5738B30029BB16 /* GoogleService-Info.plist in Resources */,
			);
			runOnlyForDeploymentPostprocessing = 0;
		};
/* End PBXResourcesBuildPhase section */

/* Begin PBXSourcesBuildPhase section */
		3031E6DD2C546B3D0029BB16 /* Sources */ = {
			isa = PBXSourcesBuildPhase;
			buildActionMask = 2147483647;
			files = (
				3031E6F32C547E720029BB16 /* Model.swift in Sources */,
				3031E7092C555E0C0029BB16 /* TripsViewModel.swift in Sources */,
				3031E6E72C546B3D0029BB16 /* HomeView.swift in Sources */,
				300648F72C5B0EE600C4AABA /* ImportTripView.swift in Sources */,
				3031E7272C573B610029BB16 /* Authentication.swift in Sources */,
				3031E70B2C558E3D0029BB16 /* SettingsView.swift in Sources */,
				3031E6E52C546B3D0029BB16 /* USAApp.swift in Sources */,
				300648F52C59DA2A00C4AABA /* UserAuth.swift in Sources */,
				3031E6FB2C5480CC0029BB16 /* TripEntryModalView.swift in Sources */,
				3031E6F72C547FCA0029BB16 /* TripsView.swift in Sources */,
				3031E7022C54A10C0029BB16 /* TripPersistenceHelper.swift in Sources */,
				3031E7292C573B720029BB16 /* Login.swift in Sources */,
				3031E72D2C573CB70029BB16 /* ContentView.swift in Sources */,
				3031E72B2C573B970029BB16 /* Home.swift in Sources */,
				3031E6FD2C5486680029BB16 /* TripsCardView.swift in Sources */,
			);
			runOnlyForDeploymentPostprocessing = 0;
		};
/* End PBXSourcesBuildPhase section */

/* Begin XCBuildConfiguration section */
		3031E6ED2C546B3E0029BB16 /* Debug */ = {
			isa = XCBuildConfiguration;
			buildSettings = {
				ALWAYS_SEARCH_USER_PATHS = NO;
				ASSETCATALOG_COMPILER_GENERATE_SWIFT_ASSET_SYMBOL_EXTENSIONS = YES;
				CLANG_ANALYZER_NONNULL = YES;
				CLANG_ANALYZER_NUMBER_OBJECT_CONVERSION = YES_AGGRESSIVE;
				CLANG_CXX_LANGUAGE_STANDARD = "gnu++20";
				CLANG_ENABLE_MODULES = YES;
				CLANG_ENABLE_OBJC_ARC = YES;
				CLANG_ENABLE_OBJC_WEAK = YES;
				CLANG_WARN_BLOCK_CAPTURE_AUTORELEASING = YES;
				CLANG_WARN_BOOL_CONVERSION = YES;
				CLANG_WARN_COMMA = YES;
				CLANG_WARN_CONSTANT_CONVERSION = YES;
				CLANG_WARN_DEPRECATED_OBJC_IMPLEMENTATIONS = YES;
				CLANG_WARN_DIRECT_OBJC_ISA_USAGE = YES_ERROR;
				CLANG_WARN_DOCUMENTATION_COMMENTS = YES;
				CLANG_WARN_EMPTY_BODY = YES;
				CLANG_WARN_ENUM_CONVERSION = YES;
				CLANG_WARN_INFINITE_RECURSION = YES;
				CLANG_WARN_INT_CONVERSION = YES;
				CLANG_WARN_NON_LITERAL_NULL_CONVERSION = YES;
				CLANG_WARN_OBJC_IMPLICIT_RETAIN_SELF = YES;
				CLANG_WARN_OBJC_LITERAL_CONVERSION = YES;
				CLANG_WARN_OBJC_ROOT_CLASS = YES_ERROR;
				CLANG_WARN_QUOTED_INCLUDE_IN_FRAMEWORK_HEADER = YES;
				CLANG_WARN_RANGE_LOOP_ANALYSIS = YES;
				CLANG_WARN_STRICT_PROTOTYPES = YES;
				CLANG_WARN_SUSPICIOUS_MOVE = YES;
				CLANG_WARN_UNGUARDED_AVAILABILITY = YES_AGGRESSIVE;
				CLANG_WARN_UNREACHABLE_CODE = YES;
				CLANG_WARN__DUPLICATE_METHOD_MATCH = YES;
				COPY_PHASE_STRIP = NO;
				DEBUG_INFORMATION_FORMAT = dwarf;
				ENABLE_STRICT_OBJC_MSGSEND = YES;
				ENABLE_TESTABILITY = YES;
				ENABLE_USER_SCRIPT_SANDBOXING = YES;
				GCC_C_LANGUAGE_STANDARD = gnu17;
				GCC_DYNAMIC_NO_PIC = NO;
				GCC_NO_COMMON_BLOCKS = YES;
				GCC_OPTIMIZATION_LEVEL = 0;
				GCC_PREPROCESSOR_DEFINITIONS = (
					"DEBUG=1",
					"$(inherited)",
				);
				GCC_WARN_64_TO_32_BIT_CONVERSION = YES;
				GCC_WARN_ABOUT_RETURN_TYPE = YES_ERROR;
				GCC_WARN_UNDECLARED_SELECTOR = YES;
				GCC_WARN_UNINITIALIZED_AUTOS = YES_AGGRESSIVE;
				GCC_WARN_UNUSED_FUNCTION = YES;
				GCC_WARN_UNUSED_VARIABLE = YES;
				IPHONEOS_DEPLOYMENT_TARGET = 17.5;
				LOCALIZATION_PREFERS_STRING_CATALOGS = YES;
				MTL_ENABLE_DEBUG_INFO = INCLUDE_SOURCE;
				MTL_FAST_MATH = YES;
				ONLY_ACTIVE_ARCH = YES;
				SDKROOT = iphoneos;
				SWIFT_ACTIVE_COMPILATION_CONDITIONS = "DEBUG $(inherited)";
				SWIFT_OPTIMIZATION_LEVEL = "-Onone";
			};
			name = Debug;
		};
		3031E6EE2C546B3E0029BB16 /* Release */ = {
			isa = XCBuildConfiguration;
			buildSettings = {
				ALWAYS_SEARCH_USER_PATHS = NO;
				ASSETCATALOG_COMPILER_GENERATE_SWIFT_ASSET_SYMBOL_EXTENSIONS = YES;
				CLANG_ANALYZER_NONNULL = YES;
				CLANG_ANALYZER_NUMBER_OBJECT_CONVERSION = YES_AGGRESSIVE;
				CLANG_CXX_LANGUAGE_STANDARD = "gnu++20";
				CLANG_ENABLE_MODULES = YES;
				CLANG_ENABLE_OBJC_ARC = YES;
				CLANG_ENABLE_OBJC_WEAK = YES;
				CLANG_WARN_BLOCK_CAPTURE_AUTORELEASING = YES;
				CLANG_WARN_BOOL_CONVERSION = YES;
				CLANG_WARN_COMMA = YES;
				CLANG_WARN_CONSTANT_CONVERSION = YES;
				CLANG_WARN_DEPRECATED_OBJC_IMPLEMENTATIONS = YES;
				CLANG_WARN_DIRECT_OBJC_ISA_USAGE = YES_ERROR;
				CLANG_WARN_DOCUMENTATION_COMMENTS = YES;
				CLANG_WARN_EMPTY_BODY = YES;
				CLANG_WARN_ENUM_CONVERSION = YES;
				CLANG_WARN_INFINITE_RECURSION = YES;
				CLANG_WARN_INT_CONVERSION = YES;
				CLANG_WARN_NON_LITERAL_NULL_CONVERSION = YES;
				CLANG_WARN_OBJC_IMPLICIT_RETAIN_SELF = YES;
				CLANG_WARN_OBJC_LITERAL_CONVERSION = YES;
				CLANG_WARN_OBJC_ROOT_CLASS = YES_ERROR;
				CLANG_WARN_QUOTED_INCLUDE_IN_FRAMEWORK_HEADER = YES;
				CLANG_WARN_RANGE_LOOP_ANALYSIS = YES;
				CLANG_WARN_STRICT_PROTOTYPES = YES;
				CLANG_WARN_SUSPICIOUS_MOVE = YES;
				CLANG_WARN_UNGUARDED_AVAILABILITY = YES_AGGRESSIVE;
				CLANG_WARN_UNREACHABLE_CODE = YES;
				CLANG_WARN__DUPLICATE_METHOD_MATCH = YES;
				COPY_PHASE_STRIP = NO;
				DEBUG_INFORMATION_FORMAT = "dwarf-with-dsym";
				ENABLE_NS_ASSERTIONS = NO;
				ENABLE_STRICT_OBJC_MSGSEND = YES;
				ENABLE_USER_SCRIPT_SANDBOXING = YES;
				GCC_C_LANGUAGE_STANDARD = gnu17;
				GCC_NO_COMMON_BLOCKS = YES;
				GCC_WARN_64_TO_32_BIT_CONVERSION = YES;
				GCC_WARN_ABOUT_RETURN_TYPE = YES_ERROR;
				GCC_WARN_UNDECLARED_SELECTOR = YES;
				GCC_WARN_UNINITIALIZED_AUTOS = YES_AGGRESSIVE;
				GCC_WARN_UNUSED_FUNCTION = YES;
				GCC_WARN_UNUSED_VARIABLE = YES;
				IPHONEOS_DEPLOYMENT_TARGET = 17.5;
				LOCALIZATION_PREFERS_STRING_CATALOGS = YES;
				MTL_ENABLE_DEBUG_INFO = NO;
				MTL_FAST_MATH = YES;
				SDKROOT = iphoneos;
				SWIFT_COMPILATION_MODE = wholemodule;
				VALIDATE_PRODUCT = YES;
			};
			name = Release;
		};
		3031E6F02C546B3E0029BB16 /* Debug */ = {
			isa = XCBuildConfiguration;
			buildSettings = {
				ASSETCATALOG_COMPILER_APPICON_NAME = AppIcon;
				ASSETCATALOG_COMPILER_GLOBAL_ACCENT_COLOR_NAME = AccentColor;
				CODE_SIGN_ENTITLEMENTS = USA/USA.entitlements;
				CODE_SIGN_STYLE = Automatic;
				CURRENT_PROJECT_VERSION = 1;
				DEVELOPMENT_ASSET_PATHS = "\"USA/Preview Content\"";
				DEVELOPMENT_TEAM = KCFD483S37;
				ENABLE_PREVIEWS = YES;
				GENERATE_INFOPLIST_FILE = YES;
				INFOPLIST_FILE = USA/Info.plist;
				INFOPLIST_KEY_UIApplicationSceneManifest_Generation = YES;
				INFOPLIST_KEY_UIApplicationSupportsIndirectInputEvents = YES;
				INFOPLIST_KEY_UILaunchScreen_Generation = YES;
				INFOPLIST_KEY_UISupportedInterfaceOrientations_iPad = "UIInterfaceOrientationPortrait UIInterfaceOrientationPortraitUpsideDown UIInterfaceOrientationLandscapeLeft UIInterfaceOrientationLandscapeRight";
				INFOPLIST_KEY_UISupportedInterfaceOrientations_iPhone = "UIInterfaceOrientationPortrait UIInterfaceOrientationLandscapeLeft UIInterfaceOrientationLandscapeRight";
				LD_RUNPATH_SEARCH_PATHS = (
					"$(inherited)",
					"@executable_path/Frameworks",
				);
				MARKETING_VERSION = 1.0;
				PRODUCT_BUNDLE_IDENTIFIER = com.pratyaksh.USA;
				PRODUCT_NAME = "$(TARGET_NAME)";
				SWIFT_EMIT_LOC_STRINGS = YES;
				SWIFT_VERSION = 5.0;
				TARGETED_DEVICE_FAMILY = "1,2";
			};
			name = Debug;
		};
		3031E6F12C546B3E0029BB16 /* Release */ = {
			isa = XCBuildConfiguration;
			buildSettings = {
				ASSETCATALOG_COMPILER_APPICON_NAME = AppIcon;
				ASSETCATALOG_COMPILER_GLOBAL_ACCENT_COLOR_NAME = AccentColor;
				CODE_SIGN_ENTITLEMENTS = USA/USA.entitlements;
				CODE_SIGN_STYLE = Automatic;
				CURRENT_PROJECT_VERSION = 1;
				DEVELOPMENT_ASSET_PATHS = "\"USA/Preview Content\"";
				DEVELOPMENT_TEAM = KCFD483S37;
				ENABLE_PREVIEWS = YES;
				GENERATE_INFOPLIST_FILE = YES;
				INFOPLIST_FILE = USA/Info.plist;
				INFOPLIST_KEY_UIApplicationSceneManifest_Generation = YES;
				INFOPLIST_KEY_UIApplicationSupportsIndirectInputEvents = YES;
				INFOPLIST_KEY_UILaunchScreen_Generation = YES;
				INFOPLIST_KEY_UISupportedInterfaceOrientations_iPad = "UIInterfaceOrientationPortrait UIInterfaceOrientationPortraitUpsideDown UIInterfaceOrientationLandscapeLeft UIInterfaceOrientationLandscapeRight";
				INFOPLIST_KEY_UISupportedInterfaceOrientations_iPhone = "UIInterfaceOrientationPortrait UIInterfaceOrientationLandscapeLeft UIInterfaceOrientationLandscapeRight";
				LD_RUNPATH_SEARCH_PATHS = (
					"$(inherited)",
					"@executable_path/Frameworks",
				);
				MARKETING_VERSION = 1.0;
				PRODUCT_BUNDLE_IDENTIFIER = com.pratyaksh.USA;
				PRODUCT_NAME = "$(TARGET_NAME)";
				SWIFT_EMIT_LOC_STRINGS = YES;
				SWIFT_VERSION = 5.0;
				TARGETED_DEVICE_FAMILY = "1,2";
			};
			name = Release;
		};
/* End XCBuildConfiguration section */

/* Begin XCConfigurationList section */
		3031E6DC2C546B3D0029BB16 /* Build configuration list for PBXProject "USA" */ = {
			isa = XCConfigurationList;
			buildConfigurations = (
				3031E6ED2C546B3E0029BB16 /* Debug */,
				3031E6EE2C546B3E0029BB16 /* Release */,
			);
			defaultConfigurationIsVisible = 0;
			defaultConfigurationName = Release;
		};
		3031E6EF2C546B3E0029BB16 /* Build configuration list for PBXNativeTarget "USA" */ = {
			isa = XCConfigurationList;
			buildConfigurations = (
				3031E6F02C546B3E0029BB16 /* Debug */,
				3031E6F12C546B3E0029BB16 /* Release */,
			);
			defaultConfigurationIsVisible = 0;
			defaultConfigurationName = Release;
		};
/* End XCConfigurationList section */

/* Begin XCRemoteSwiftPackageReference section */
		3031E71A2C57382B0029BB16 /* XCRemoteSwiftPackageReference "firebase-ios-sdk" */ = {
			isa = XCRemoteSwiftPackageReference;
			repositoryURL = "https://github.com/firebase/firebase-ios-sdk";
			requirement = {
				kind = upToNextMajorVersion;
				minimumVersion = 10.29.0;
			};
		};
		3031E7212C5739A80029BB16 /* XCRemoteSwiftPackageReference "GoogleSignIn-iOS" */ = {
			isa = XCRemoteSwiftPackageReference;
			repositoryURL = "https://github.com/google/GoogleSignIn-iOS";
			requirement = {
				kind = upToNextMajorVersion;
				minimumVersion = 7.1.0;
			};
		};
/* End XCRemoteSwiftPackageReference section */

/* Begin XCSwiftPackageProductDependency section */
		300648F02C59C7FB00C4AABA /* FirebaseMessaging */ = {
			isa = XCSwiftPackageProductDependency;
			package = 3031E71A2C57382B0029BB16 /* XCRemoteSwiftPackageReference "firebase-ios-sdk" */;
			productName = FirebaseMessaging;
		};
		300648F22C59D81C00C4AABA /* FirebaseFirestoreSwift */ = {
			isa = XCSwiftPackageProductDependency;
			package = 3031E71A2C57382B0029BB16 /* XCRemoteSwiftPackageReference "firebase-ios-sdk" */;
			productName = FirebaseFirestoreSwift;
		};
		3031E71B2C57382B0029BB16 /* FirebaseAnalytics */ = {
			isa = XCSwiftPackageProductDependency;
			package = 3031E71A2C57382B0029BB16 /* XCRemoteSwiftPackageReference "firebase-ios-sdk" */;
			productName = FirebaseAnalytics;
		};
		3031E71D2C57382B0029BB16 /* FirebaseAuth */ = {
			isa = XCSwiftPackageProductDependency;
			package = 3031E71A2C57382B0029BB16 /* XCRemoteSwiftPackageReference "firebase-ios-sdk" */;
			productName = FirebaseAuth;
		};
		3031E7222C5739A80029BB16 /* GoogleSignIn */ = {
			isa = XCSwiftPackageProductDependency;
			package = 3031E7212C5739A80029BB16 /* XCRemoteSwiftPackageReference "GoogleSignIn-iOS" */;
			productName = GoogleSignIn;
		};
		3031E7242C5739A80029BB16 /* GoogleSignInSwift */ = {
			isa = XCSwiftPackageProductDependency;
			package = 3031E7212C5739A80029BB16 /* XCRemoteSwiftPackageReference "GoogleSignIn-iOS" */;
			productName = GoogleSignInSwift;
		};
/* End XCSwiftPackageProductDependency section */
	};
	rootObject = 3031E6D92C546B3D0029BB16 /* Project object */;
}
